
Microsoft Visual Studio Solution File, Format Version 12.00
# Visual Studio Version 17
VisualStudioVersion = 17.1.32228.430
MinimumVisualStudioVersion = 10.0.40219.1
Project("{FAE04EC0-301F-11D3-BF4B-00C04F79EFBC}") = "POO", "POO\POO.csproj", "{7EFF69B6-ABD4-4652-8AEE-DF6A86F53D62}"
EndProject
Global
	GlobalSection(SolutionConfigurationPlatforms) = preSolution
		Debug|Any CPU = Debug|Any CPU
		Release|Any CPU = Release|Any CPU
	EndGlobalSection
	GlobalSection(ProjectConfigurationPlatforms) = postSolution
		{7EFF69B6-ABD4-4652-8AEE-DF6A86F53D62}.Debug|Any CPU.ActiveCfg = Debug|Any CPU
		{7EFF69B6-ABD4-4652-8AEE-DF6A86F53D62}.Debug|Any CPU.Build.0 = Debug|Any CPU
		{7EFF69B6-ABD4-4652-8AEE-DF6A86F53D62}.Release|Any CPU.ActiveCfg = Release|Any CPU
		{7EFF69B6-ABD4-4652-8AEE-DF6A86F53D62}.Release|Any CPU.Build.0 = Release|Any CPU
	EndGlobalSection
	GlobalSection(SolutionProperties) = preSolution
		HideSolutionNode = FALSE
	EndGlobalSection
	GlobalSection(ExtensibilityGlobals) = postSolution
		SolutionGuid = {12F4BC47-4877-4346-89D9-AF4A0C4CC8A3}
	EndGlobalSection
EndGlobal
